// !$*UTF8*$!
{
	archiveVersion = 1;
	classes = {
	};
	objectVersion = 56;
	objects = {

/* Begin PBXBuildFile section */
		4751209D2BD94CCE0086B7B2 /* FeatureView.swift in Sources */ = {isa = PBXBuildFile; fileRef = 4751209C2BD94CCE0086B7B2 /* FeatureView.swift */; };
		4751209F2BD94D280086B7B2 /* RandomView.swift in Sources */ = {isa = PBXBuildFile; fileRef = 4751209E2BD94D280086B7B2 /* RandomView.swift */; };
		475120A12BD94FE10086B7B2 /* SearchView.swift in Sources */ = {isa = PBXBuildFile; fileRef = 475120A02BD94FE10086B7B2 /* SearchView.swift */; };
		6205D5C52BC6D9F000DCC95F /* TeamEffort2App.swift in Sources */ = {isa = PBXBuildFile; fileRef = 6205D5C42BC6D9F000DCC95F /* TeamEffort2App.swift */; };
		6205D5C72BC6D9F000DCC95F /* ContentView.swift in Sources */ = {isa = PBXBuildFile; fileRef = 6205D5C62BC6D9F000DCC95F /* ContentView.swift */; };
		6205D5C92BC6D9F200DCC95F /* Assets.xcassets in Resources */ = {isa = PBXBuildFile; fileRef = 6205D5C82BC6D9F200DCC95F /* Assets.xcassets */; };
		6205D5CC2BC6D9F200DCC95F /* Preview Assets.xcassets in Resources */ = {isa = PBXBuildFile; fileRef = 6205D5CB2BC6D9F200DCC95F /* Preview Assets.xcassets */; };
		6205D5D62BC6D9F200DCC95F /* TeamEffort2Tests.swift in Sources */ = {isa = PBXBuildFile; fileRef = 6205D5D52BC6D9F200DCC95F /* TeamEffort2Tests.swift */; };
		6205D5E02BC6D9F200DCC95F /* TeamEffort2UITests.swift in Sources */ = {isa = PBXBuildFile; fileRef = 6205D5DF2BC6D9F200DCC95F /* TeamEffort2UITests.swift */; };
		6205D5E22BC6D9F200DCC95F /* TeamEffort2UITestsLaunchTests.swift in Sources */ = {isa = PBXBuildFile; fileRef = 6205D5E12BC6D9F200DCC95F /* TeamEffort2UITestsLaunchTests.swift */; };
		6205D5EF2BC6E02800DCC95F /* SecondaryView.swift in Sources */ = {isa = PBXBuildFile; fileRef = 6205D5EE2BC6E02800DCC95F /* SecondaryView.swift */; };
		622749B22BCCD1BC00279E13 /* HomeView.swift in Sources */ = {isa = PBXBuildFile; fileRef = 622749B12BCCD1BC00279E13 /* HomeView.swift */; };
		62B7FE972BE7385200C6EC9A /* FeatureAdd.swift in Sources */ = {isa = PBXBuildFile; fileRef = 62B7FE962BE7385200C6EC9A /* FeatureAdd.swift */; };
		62B7FE9B2BE73C7000C6EC9A /* GetFeatured.swift in Sources */ = {isa = PBXBuildFile; fileRef = 62B7FE9A2BE73C7000C6EC9A /* GetFeatured.swift */; };
		E544DA802BD9561900536AA0 /* GlobalSwift.swift in Sources */ = {isa = PBXBuildFile; fileRef = E544DA7F2BD9561900536AA0 /* GlobalSwift.swift */; };
/* End PBXBuildFile section */

/* Begin PBXContainerItemProxy section */
		6205D5D22BC6D9F200DCC95F /* PBXContainerItemProxy */ = {
			isa = PBXContainerItemProxy;
			containerPortal = 6205D5B92BC6D9F000DCC95F /* Project object */;
			proxyType = 1;
			remoteGlobalIDString = 6205D5C02BC6D9F000DCC95F;
			remoteInfo = TeamEffort2;
		};
		6205D5DC2BC6D9F200DCC95F /* PBXContainerItemProxy */ = {
			isa = PBXContainerItemProxy;
			containerPortal = 6205D5B92BC6D9F000DCC95F /* Project object */;
			proxyType = 1;
			remoteGlobalIDString = 6205D5C02BC6D9F000DCC95F;
			remoteInfo = TeamEffort2;
		};
/* End PBXContainerItemProxy section */

/* Begin PBXFileReference section */
		4751209C2BD94CCE0086B7B2 /* FeatureView.swift */ = {isa = PBXFileReference; lastKnownFileType = sourcecode.swift; path = FeatureView.swift; sourceTree = "<group>"; };
		4751209E2BD94D280086B7B2 /* RandomView.swift */ = {isa = PBXFileReference; lastKnownFileType = sourcecode.swift; path = RandomView.swift; sourceTree = "<group>"; };
		475120A02BD94FE10086B7B2 /* SearchView.swift */ = {isa = PBXFileReference; lastKnownFileType = sourcecode.swift; path = SearchView.swift; sourceTree = "<group>"; };
		6205D5C12BC6D9F000DCC95F /* TeamEffort2.app */ = {isa = PBXFileReference; explicitFileType = wrapper.application; includeInIndex = 0; path = TeamEffort2.app; sourceTree = BUILT_PRODUCTS_DIR; };
		6205D5C42BC6D9F000DCC95F /* TeamEffort2App.swift */ = {isa = PBXFileReference; lastKnownFileType = sourcecode.swift; path = TeamEffort2App.swift; sourceTree = "<group>"; };
		6205D5C62BC6D9F000DCC95F /* ContentView.swift */ = {isa = PBXFileReference; lastKnownFileType = sourcecode.swift; path = ContentView.swift; sourceTree = "<group>"; };
		6205D5C82BC6D9F200DCC95F /* Assets.xcassets */ = {isa = PBXFileReference; lastKnownFileType = folder.assetcatalog; path = Assets.xcassets; sourceTree = "<group>"; };
		6205D5CB2BC6D9F200DCC95F /* Preview Assets.xcassets */ = {isa = PBXFileReference; lastKnownFileType = folder.assetcatalog; path = "Preview Assets.xcassets"; sourceTree = "<group>"; };
		6205D5D12BC6D9F200DCC95F /* TeamEffort2Tests.xctest */ = {isa = PBXFileReference; explicitFileType = wrapper.cfbundle; includeInIndex = 0; path = TeamEffort2Tests.xctest; sourceTree = BUILT_PRODUCTS_DIR; };
		6205D5D52BC6D9F200DCC95F /* TeamEffort2Tests.swift */ = {isa = PBXFileReference; lastKnownFileType = sourcecode.swift; path = TeamEffort2Tests.swift; sourceTree = "<group>"; };
		6205D5DB2BC6D9F200DCC95F /* TeamEffort2UITests.xctest */ = {isa = PBXFileReference; explicitFileType = wrapper.cfbundle; includeInIndex = 0; path = TeamEffort2UITests.xctest; sourceTree = BUILT_PRODUCTS_DIR; };
		6205D5DF2BC6D9F200DCC95F /* TeamEffort2UITests.swift */ = {isa = PBXFileReference; lastKnownFileType = sourcecode.swift; path = TeamEffort2UITests.swift; sourceTree = "<group>"; };
		6205D5E12BC6D9F200DCC95F /* TeamEffort2UITestsLaunchTests.swift */ = {isa = PBXFileReference; lastKnownFileType = sourcecode.swift; path = TeamEffort2UITestsLaunchTests.swift; sourceTree = "<group>"; };
		6205D5EE2BC6E02800DCC95F /* SecondaryView.swift */ = {isa = PBXFileReference; lastKnownFileType = sourcecode.swift; path = SecondaryView.swift; sourceTree = "<group>"; };
		622749B12BCCD1BC00279E13 /* HomeView.swift */ = {isa = PBXFileReference; lastKnownFileType = sourcecode.swift; path = HomeView.swift; sourceTree = "<group>"; };
		62B7FE962BE7385200C6EC9A /* FeatureAdd.swift */ = {isa = PBXFileReference; lastKnownFileType = sourcecode.swift; path = FeatureAdd.swift; sourceTree = "<group>"; };
		62B7FE9A2BE73C7000C6EC9A /* GetFeatured.swift */ = {isa = PBXFileReference; lastKnownFileType = sourcecode.swift; path = GetFeatured.swift; sourceTree = "<group>"; };
		E544DA7F2BD9561900536AA0 /* GlobalSwift.swift */ = {isa = PBXFileReference; lastKnownFileType = sourcecode.swift; path = GlobalSwift.swift; sourceTree = "<group>"; };
/* End PBXFileReference section */

/* Begin PBXFrameworksBuildPhase section */
		6205D5BE2BC6D9F000DCC95F /* Frameworks */ = {
			isa = PBXFrameworksBuildPhase;
			buildActionMask = 2147483647;
			files = (
			);
			runOnlyForDeploymentPostprocessing = 0;
		};
		6205D5CE2BC6D9F200DCC95F /* Frameworks */ = {
			isa = PBXFrameworksBuildPhase;
			buildActionMask = 2147483647;
			files = (
			);
			runOnlyForDeploymentPostprocessing = 0;
		};
		6205D5D82BC6D9F200DCC95F /* Frameworks */ = {
			isa = PBXFrameworksBuildPhase;
			buildActionMask = 2147483647;
			files = (
			);
			runOnlyForDeploymentPostprocessing = 0;
		};
/* End PBXFrameworksBuildPhase section */

/* Begin PBXGroup section */
		6205D5B82BC6D9F000DCC95F = {
			isa = PBXGroup;
			children = (
				6205D5C32BC6D9F000DCC95F /* TeamEffort2 */,
				6205D5D42BC6D9F200DCC95F /* TeamEffort2Tests */,
				6205D5DE2BC6D9F200DCC95F /* TeamEffort2UITests */,
				6205D5C22BC6D9F000DCC95F /* Products */,
			);
			sourceTree = "<group>";
		};
		6205D5C22BC6D9F000DCC95F /* Products */ = {
			isa = PBXGroup;
			children = (
				6205D5C12BC6D9F000DCC95F /* TeamEffort2.app */,
				6205D5D12BC6D9F200DCC95F /* TeamEffort2Tests.xctest */,
				6205D5DB2BC6D9F200DCC95F /* TeamEffort2UITests.xctest */,
			);
			name = Products;
			sourceTree = "<group>";
		};
		6205D5C32BC6D9F000DCC95F /* TeamEffort2 */ = {
			isa = PBXGroup;
			children = (
				6205D5C62BC6D9F000DCC95F /* ContentView.swift */,
				622749B12BCCD1BC00279E13 /* HomeView.swift */,
				6205D5EE2BC6E02800DCC95F /* SecondaryView.swift */,
				4751209C2BD94CCE0086B7B2 /* FeatureView.swift */,
				4751209E2BD94D280086B7B2 /* RandomView.swift */,
				475120A02BD94FE10086B7B2 /* SearchView.swift */,
				E544DA7F2BD9561900536AA0 /* GlobalSwift.swift */,
				62B7FE962BE7385200C6EC9A /* FeatureAdd.swift */,
				62B7FE9A2BE73C7000C6EC9A /* GetFeatured.swift */,
				6205D5C42BC6D9F000DCC95F /* TeamEffort2App.swift */,
				6205D5C82BC6D9F200DCC95F /* Assets.xcassets */,
				6205D5CA2BC6D9F200DCC95F /* Preview Content */,
			);
			path = TeamEffort2;
			sourceTree = "<group>";
		};
		6205D5CA2BC6D9F200DCC95F /* Preview Content */ = {
			isa = PBXGroup;
			children = (
				6205D5CB2BC6D9F200DCC95F /* Preview Assets.xcassets */,
			);
			path = "Preview Content";
			sourceTree = "<group>";
		};
		6205D5D42BC6D9F200DCC95F /* TeamEffort2Tests */ = {
			isa = PBXGroup;
			children = (
				6205D5D52BC6D9F200DCC95F /* TeamEffort2Tests.swift */,
			);
			path = TeamEffort2Tests;
			sourceTree = "<group>";
		};
		6205D5DE2BC6D9F200DCC95F /* TeamEffort2UITests */ = {
			isa = PBXGroup;
			children = (
				6205D5DF2BC6D9F200DCC95F /* TeamEffort2UITests.swift */,
				6205D5E12BC6D9F200DCC95F /* TeamEffort2UITestsLaunchTests.swift */,
			);
			path = TeamEffort2UITests;
			sourceTree = "<group>";
		};
/* End PBXGroup section */

/* Begin PBXNativeTarget section */
		6205D5C02BC6D9F000DCC95F /* TeamEffort2 */ = {
			isa = PBXNativeTarget;
			buildConfigurationList = 6205D5E52BC6D9F200DCC95F /* Build configuration list for PBXNativeTarget "TeamEffort2" */;
			buildPhases = (
				6205D5BD2BC6D9F000DCC95F /* Sources */,
				6205D5BE2BC6D9F000DCC95F /* Frameworks */,
				6205D5BF2BC6D9F000DCC95F /* Resources */,
			);
			buildRules = (
			);
			dependencies = (
			);
			name = TeamEffort2;
			productName = TeamEffort2;
			productReference = 6205D5C12BC6D9F000DCC95F /* TeamEffort2.app */;
			productType = "com.apple.product-type.application";
		};
		6205D5D02BC6D9F200DCC95F /* TeamEffort2Tests */ = {
			isa = PBXNativeTarget;
			buildConfigurationList = 6205D5E82BC6D9F200DCC95F /* Build configuration list for PBXNativeTarget "TeamEffort2Tests" */;
			buildPhases = (
				6205D5CD2BC6D9F200DCC95F /* Sources */,
				6205D5CE2BC6D9F200DCC95F /* Frameworks */,
				6205D5CF2BC6D9F200DCC95F /* Resources */,
			);
			buildRules = (
			);
			dependencies = (
				6205D5D32BC6D9F200DCC95F /* PBXTargetDependency */,
			);
			name = TeamEffort2Tests;
			productName = TeamEffort2Tests;
			productReference = 6205D5D12BC6D9F200DCC95F /* TeamEffort2Tests.xctest */;
			productType = "com.apple.product-type.bundle.unit-test";
		};
		6205D5DA2BC6D9F200DCC95F /* TeamEffort2UITests */ = {
			isa = PBXNativeTarget;
			buildConfigurationList = 6205D5EB2BC6D9F200DCC95F /* Build configuration list for PBXNativeTarget "TeamEffort2UITests" */;
			buildPhases = (
				6205D5D72BC6D9F200DCC95F /* Sources */,
				6205D5D82BC6D9F200DCC95F /* Frameworks */,
				6205D5D92BC6D9F200DCC95F /* Resources */,
			);
			buildRules = (
			);
			dependencies = (
				6205D5DD2BC6D9F200DCC95F /* PBXTargetDependency */,
			);
			name = TeamEffort2UITests;
			productName = TeamEffort2UITests;
			productReference = 6205D5DB2BC6D9F200DCC95F /* TeamEffort2UITests.xctest */;
			productType = "com.apple.product-type.bundle.ui-testing";
		};
/* End PBXNativeTarget section */

/* Begin PBXProject section */
		6205D5B92BC6D9F000DCC95F /* Project object */ = {
			isa = PBXProject;
			attributes = {
				BuildIndependentTargetsInParallel = 1;
				LastSwiftUpdateCheck = 1530;
				LastUpgradeCheck = 1530;
				TargetAttributes = {
					6205D5C02BC6D9F000DCC95F = {
						CreatedOnToolsVersion = 15.3;
					};
					6205D5D02BC6D9F200DCC95F = {
						CreatedOnToolsVersion = 15.3;
						TestTargetID = 6205D5C02BC6D9F000DCC95F;
					};
					6205D5DA2BC6D9F200DCC95F = {
						CreatedOnToolsVersion = 15.3;
						TestTargetID = 6205D5C02BC6D9F000DCC95F;
					};
				};
			};
			buildConfigurationList = 6205D5BC2BC6D9F000DCC95F /* Build configuration list for PBXProject "TeamEffort2" */;
			compatibilityVersion = "Xcode 14.0";
			developmentRegion = en;
			hasScannedForEncodings = 0;
			knownRegions = (
				en,
				Base,
			);
			mainGroup = 6205D5B82BC6D9F000DCC95F;
			productRefGroup = 6205D5C22BC6D9F000DCC95F /* Products */;
			projectDirPath = "";
			projectRoot = "";
			targets = (
				6205D5C02BC6D9F000DCC95F /* TeamEffort2 */,
				6205D5D02BC6D9F200DCC95F /* TeamEffort2Tests */,
				6205D5DA2BC6D9F200DCC95F /* TeamEffort2UITests */,
			);
		};
/* End PBXProject section */

/* Begin PBXResourcesBuildPhase section */
		6205D5BF2BC6D9F000DCC95F /* Resources */ = {
			isa = PBXResourcesBuildPhase;
			buildActionMask = 2147483647;
			files = (
				6205D5CC2BC6D9F200DCC95F /* Preview Assets.xcassets in Resources */,
				6205D5C92BC6D9F200DCC95F /* Assets.xcassets in Resources */,
			);
			runOnlyForDeploymentPostprocessing = 0;
		};
		6205D5CF2BC6D9F200DCC95F /* Resources */ = {
			isa = PBXResourcesBuildPhase;
			buildActionMask = 2147483647;
			files = (
			);
			runOnlyForDeploymentPostprocessing = 0;
		};
		6205D5D92BC6D9F200DCC95F /* Resources */ = {
			isa = PBXResourcesBuildPhase;
			buildActionMask = 2147483647;
			files = (
			);
			runOnlyForDeploymentPostprocessing = 0;
		};
/* End PBXResourcesBuildPhase section */

/* Begin PBXSourcesBuildPhase section */
		6205D5BD2BC6D9F000DCC95F /* Sources */ = {
			isa = PBXSourcesBuildPhase;
			buildActionMask = 2147483647;
			files = (
				62B7FE9B2BE73C7000C6EC9A /* GetFeatured.swift in Sources */,
				4751209F2BD94D280086B7B2 /* RandomView.swift in Sources */,
				6205D5C72BC6D9F000DCC95F /* ContentView.swift in Sources */,
				E544DA802BD9561900536AA0 /* GlobalSwift.swift in Sources */,
				622749B22BCCD1BC00279E13 /* HomeView.swift in Sources */,
				6205D5C52BC6D9F000DCC95F /* TeamEffort2App.swift in Sources */,
				475120A12BD94FE10086B7B2 /* SearchView.swift in Sources */,
				4751209D2BD94CCE0086B7B2 /* FeatureView.swift in Sources */,
				6205D5EF2BC6E02800DCC95F /* SecondaryView.swift in Sources */,
				62B7FE972BE7385200C6EC9A /* FeatureAdd.swift in Sources */,
			);
			runOnlyForDeploymentPostprocessing = 0;
		};
		6205D5CD2BC6D9F200DCC95F /* Sources */ = {
			isa = PBXSourcesBuildPhase;
			buildActionMask = 2147483647;
			files = (
				6205D5D62BC6D9F200DCC95F /* TeamEffort2Tests.swift in Sources */,
			);
			runOnlyForDeploymentPostprocessing = 0;
		};
		6205D5D72BC6D9F200DCC95F /* Sources */ = {
			isa = PBXSourcesBuildPhase;
			buildActionMask = 2147483647;
			files = (
				6205D5E22BC6D9F200DCC95F /* TeamEffort2UITestsLaunchTests.swift in Sources */,
				6205D5E02BC6D9F200DCC95F /* TeamEffort2UITests.swift in Sources */,
			);
			runOnlyForDeploymentPostprocessing = 0;
		};
/* End PBXSourcesBuildPhase section */

/* Begin PBXTargetDependency section */
		6205D5D32BC6D9F200DCC95F /* PBXTargetDependency */ = {
			isa = PBXTargetDependency;
			target = 6205D5C02BC6D9F000DCC95F /* TeamEffort2 */;
			targetProxy = 6205D5D22BC6D9F200DCC95F /* PBXContainerItemProxy */;
		};
		6205D5DD2BC6D9F200DCC95F /* PBXTargetDependency */ = {
			isa = PBXTargetDependency;
			target = 6205D5C02BC6D9F000DCC95F /* TeamEffort2 */;
			targetProxy = 6205D5DC2BC6D9F200DCC95F /* PBXContainerItemProxy */;
		};
/* End PBXTargetDependency section */

/* Begin XCBuildConfiguration section */
		6205D5E32BC6D9F200DCC95F /* Debug */ = {
			isa = XCBuildConfiguration;
			buildSettings = {
				ALWAYS_SEARCH_USER_PATHS = NO;
				ASSETCATALOG_COMPILER_GENERATE_SWIFT_ASSET_SYMBOL_EXTENSIONS = YES;
				CLANG_ANALYZER_NONNULL = YES;
				CLANG_ANALYZER_NUMBER_OBJECT_CONVERSION = YES_AGGRESSIVE;
				CLANG_CXX_LANGUAGE_STANDARD = "gnu++20";
				CLANG_ENABLE_MODULES = YES;
				CLANG_ENABLE_OBJC_ARC = YES;
				CLANG_ENABLE_OBJC_WEAK = YES;
				CLANG_WARN_BLOCK_CAPTURE_AUTORELEASING = YES;
				CLANG_WARN_BOOL_CONVERSION = YES;
				CLANG_WARN_COMMA = YES;
				CLANG_WARN_CONSTANT_CONVERSION = YES;
				CLANG_WARN_DEPRECATED_OBJC_IMPLEMENTATIONS = YES;
				CLANG_WARN_DIRECT_OBJC_ISA_USAGE = YES_ERROR;
				CLANG_WARN_DOCUMENTATION_COMMENTS = YES;
				CLANG_WARN_EMPTY_BODY = YES;
				CLANG_WARN_ENUM_CONVERSION = YES;
				CLANG_WARN_INFINITE_RECURSION = YES;
				CLANG_WARN_INT_CONVERSION = YES;
				CLANG_WARN_NON_LITERAL_NULL_CONVERSION = YES;
				CLANG_WARN_OBJC_IMPLICIT_RETAIN_SELF = YES;
				CLANG_WARN_OBJC_LITERAL_CONVERSION = YES;
				CLANG_WARN_OBJC_ROOT_CLASS = YES_ERROR;
				CLANG_WARN_QUOTED_INCLUDE_IN_FRAMEWORK_HEADER = YES;
				CLANG_WARN_RANGE_LOOP_ANALYSIS = YES;
				CLANG_WARN_STRICT_PROTOTYPES = YES;
				CLANG_WARN_SUSPICIOUS_MOVE = YES;
				CLANG_WARN_UNGUARDED_AVAILABILITY = YES_AGGRESSIVE;
				CLANG_WARN_UNREACHABLE_CODE = YES;
				CLANG_WARN__DUPLICATE_METHOD_MATCH = YES;
				COPY_PHASE_STRIP = NO;
				DEBUG_INFORMATION_FORMAT = dwarf;
				ENABLE_STRICT_OBJC_MSGSEND = YES;
				ENABLE_TESTABILITY = YES;
				ENABLE_USER_SCRIPT_SANDBOXING = YES;
				GCC_C_LANGUAGE_STANDARD = gnu17;
				GCC_DYNAMIC_NO_PIC = NO;
				GCC_NO_COMMON_BLOCKS = YES;
				GCC_OPTIMIZATION_LEVEL = 0;
				GCC_PREPROCESSOR_DEFINITIONS = (
					"DEBUG=1",
					"$(inherited)",
				);
				GCC_WARN_64_TO_32_BIT_CONVERSION = YES;
				GCC_WARN_ABOUT_RETURN_TYPE = YES_ERROR;
				GCC_WARN_UNDECLARED_SELECTOR = YES;
				GCC_WARN_UNINITIALIZED_AUTOS = YES_AGGRESSIVE;
				GCC_WARN_UNUSED_FUNCTION = YES;
				GCC_WARN_UNUSED_VARIABLE = YES;
				IPHONEOS_DEPLOYMENT_TARGET = 17.4;
				LOCALIZATION_PREFERS_STRING_CATALOGS = YES;
				MTL_ENABLE_DEBUG_INFO = INCLUDE_SOURCE;
				MTL_FAST_MATH = YES;
				ONLY_ACTIVE_ARCH = YES;
				SDKROOT = iphoneos;
				SWIFT_ACTIVE_COMPILATION_CONDITIONS = "DEBUG $(inherited)";
				SWIFT_OPTIMIZATION_LEVEL = "-Onone";
			};
			name = Debug;
		};
		6205D5E42BC6D9F200DCC95F /* Release */ = {
			isa = XCBuildConfiguration;
			buildSettings = {
				ALWAYS_SEARCH_USER_PATHS = NO;
				ASSETCATALOG_COMPILER_GENERATE_SWIFT_ASSET_SYMBOL_EXTENSIONS = YES;
				CLANG_ANALYZER_NONNULL = YES;
				CLANG_ANALYZER_NUMBER_OBJECT_CONVERSION = YES_AGGRESSIVE;
				CLANG_CXX_LANGUAGE_STANDARD = "gnu++20";
				CLANG_ENABLE_MODULES = YES;
				CLANG_ENABLE_OBJC_ARC = YES;
				CLANG_ENABLE_OBJC_WEAK = YES;
				CLANG_WARN_BLOCK_CAPTURE_AUTORELEASING = YES;
				CLANG_WARN_BOOL_CONVERSION = YES;
				CLANG_WARN_COMMA = YES;
				CLANG_WARN_CONSTANT_CONVERSION = YES;
				CLANG_WARN_DEPRECATED_OBJC_IMPLEMENTATIONS = YES;
				CLANG_WARN_DIRECT_OBJC_ISA_USAGE = YES_ERROR;
				CLANG_WARN_DOCUMENTATION_COMMENTS = YES;
				CLANG_WARN_EMPTY_BODY = YES;
				CLANG_WARN_ENUM_CONVERSION = YES;
				CLANG_WARN_INFINITE_RECURSION = YES;
				CLANG_WARN_INT_CONVERSION = YES;
				CLANG_WARN_NON_LITERAL_NULL_CONVERSION = YES;
				CLANG_WARN_OBJC_IMPLICIT_RETAIN_SELF = YES;
				CLANG_WARN_OBJC_LITERAL_CONVERSION = YES;
				CLANG_WARN_OBJC_ROOT_CLASS = YES_ERROR;
				CLANG_WARN_QUOTED_INCLUDE_IN_FRAMEWORK_HEADER = YES;
				CLANG_WARN_RANGE_LOOP_ANALYSIS = YES;
				CLANG_WARN_STRICT_PROTOTYPES = YES;
				CLANG_WARN_SUSPICIOUS_MOVE = YES;
				CLANG_WARN_UNGUARDED_AVAILABILITY = YES_AGGRESSIVE;
				CLANG_WARN_UNREACHABLE_CODE = YES;
				CLANG_WARN__DUPLICATE_METHOD_MATCH = YES;
				COPY_PHASE_STRIP = NO;
				DEBUG_INFORMATION_FORMAT = "dwarf-with-dsym";
				ENABLE_NS_ASSERTIONS = NO;
				ENABLE_STRICT_OBJC_MSGSEND = YES;
				ENABLE_USER_SCRIPT_SANDBOXING = YES;
				GCC_C_LANGUAGE_STANDARD = gnu17;
				GCC_NO_COMMON_BLOCKS = YES;
				GCC_WARN_64_TO_32_BIT_CONVERSION = YES;
				GCC_WARN_ABOUT_RETURN_TYPE = YES_ERROR;
				GCC_WARN_UNDECLARED_SELECTOR = YES;
				GCC_WARN_UNINITIALIZED_AUTOS = YES_AGGRESSIVE;
				GCC_WARN_UNUSED_FUNCTION = YES;
				GCC_WARN_UNUSED_VARIABLE = YES;
				IPHONEOS_DEPLOYMENT_TARGET = 17.4;
				LOCALIZATION_PREFERS_STRING_CATALOGS = YES;
				MTL_ENABLE_DEBUG_INFO = NO;
				MTL_FAST_MATH = YES;
				SDKROOT = iphoneos;
				SWIFT_COMPILATION_MODE = wholemodule;
				VALIDATE_PRODUCT = YES;
			};
			name = Release;
		};
		6205D5E62BC6D9F200DCC95F /* Debug */ = {
			isa = XCBuildConfiguration;
			buildSettings = {
				ASSETCATALOG_COMPILER_APPICON_NAME = AppIcon;
				ASSETCATALOG_COMPILER_GLOBAL_ACCENT_COLOR_NAME = AccentColor;
				CODE_SIGN_STYLE = Automatic;
				CURRENT_PROJECT_VERSION = 1;
				DEVELOPMENT_ASSET_PATHS = "\"TeamEffort2/Preview Content\"";
				DEVELOPMENT_TEAM = TKS533DB33;
				ENABLE_PREVIEWS = YES;
				GENERATE_INFOPLIST_FILE = YES;
				INFOPLIST_KEY_UIApplicationSceneManifest_Generation = YES;
				INFOPLIST_KEY_UIApplicationSupportsIndirectInputEvents = YES;
				INFOPLIST_KEY_UILaunchScreen_Generation = YES;
				INFOPLIST_KEY_UISupportedInterfaceOrientations_iPad = "UIInterfaceOrientationPortrait UIInterfaceOrientationPortraitUpsideDown UIInterfaceOrientationLandscapeLeft UIInterfaceOrientationLandscapeRight";
				INFOPLIST_KEY_UISupportedInterfaceOrientations_iPhone = "UIInterfaceOrientationPortrait UIInterfaceOrientationLandscapeLeft UIInterfaceOrientationLandscapeRight";
				IPHONEOS_DEPLOYMENT_TARGET = 17.2;
				LD_RUNPATH_SEARCH_PATHS = (
					"$(inherited)",
					"@executable_path/Frameworks",
				);
				MARKETING_VERSION = 1.0;
				PRODUCT_BUNDLE_IDENTIFIER = com.FirstCompany.TeamEffort2;
				PRODUCT_NAME = "$(TARGET_NAME)";
				SWIFT_EMIT_LOC_STRINGS = YES;
				SWIFT_VERSION = 5.0;
				TARGETED_DEVICE_FAMILY = "1,2";
			};
			name = Debug;
		};
		6205D5E72BC6D9F200DCC95F /* Release */ = {
			isa = XCBuildConfiguration;
			buildSettings = {
				ASSETCATALOG_COMPILER_APPICON_NAME = AppIcon;
				ASSETCATALOG_COMPILER_GLOBAL_ACCENT_COLOR_NAME = AccentColor;
				CODE_SIGN_STYLE = Automatic;
				CURRENT_PROJECT_VERSION = 1;
				DEVELOPMENT_ASSET_PATHS = "\"TeamEffort2/Preview Content\"";
				DEVELOPMENT_TEAM = TKS533DB33;
				ENABLE_PREVIEWS = YES;
				GENERATE_INFOPLIST_FILE = YES;
				INFOPLIST_KEY_UIApplicationSceneManifest_Generation = YES;
				INFOPLIST_KEY_UIApplicationSupportsIndirectInputEvents = YES;
				INFOPLIST_KEY_UILaunchScreen_Generation = YES;
				INFOPLIST_KEY_UISupportedInterfaceOrientations_iPad = "UIInterfaceOrientationPortrait UIInterfaceOrientationPortraitUpsideDown UIInterfaceOrientationLandscapeLeft UIInterfaceOrientationLandscapeRight";
				INFOPLIST_KEY_UISupportedInterfaceOrientations_iPhone = "UIInterfaceOrientationPortrait UIInterfaceOrientationLandscapeLeft UIInterfaceOrientationLandscapeRight";
				IPHONEOS_DEPLOYMENT_TARGET = 17.2;
				LD_RUNPATH_SEARCH_PATHS = (
					"$(inherited)",
					"@executable_path/Frameworks",
				);
				MARKETING_VERSION = 1.0;
				PRODUCT_BUNDLE_IDENTIFIER = com.FirstCompany.TeamEffort2;
				PRODUCT_NAME = "$(TARGET_NAME)";
				SWIFT_EMIT_LOC_STRINGS = YES;
				SWIFT_VERSION = 5.0;
				TARGETED_DEVICE_FAMILY = "1,2";
			};
			name = Release;
		};
		6205D5E92BC6D9F200DCC95F /* Debug */ = {
			isa = XCBuildConfiguration;
			buildSettings = {
				ALWAYS_EMBED_SWIFT_STANDARD_LIBRARIES = YES;
				BUNDLE_LOADER = "$(TEST_HOST)";
				CODE_SIGN_STYLE = Automatic;
				CURRENT_PROJECT_VERSION = 1;
				GENERATE_INFOPLIST_FILE = YES;
				IPHONEOS_DEPLOYMENT_TARGET = 17.4;
				MARKETING_VERSION = 1.0;
				PRODUCT_BUNDLE_IDENTIFIER = com.FirstCompany.TeamEffort2Tests;
				PRODUCT_NAME = "$(TARGET_NAME)";
				SWIFT_EMIT_LOC_STRINGS = NO;
				SWIFT_VERSION = 5.0;
				TARGETED_DEVICE_FAMILY = "1,2";
				TEST_HOST = "$(BUILT_PRODUCTS_DIR)/TeamEffort2.app/$(BUNDLE_EXECUTABLE_FOLDER_PATH)/TeamEffort2";
			};
			name = Debug;
		};
		6205D5EA2BC6D9F200DCC95F /* Release */ = {
			isa = XCBuildConfiguration;
			buildSettings = {
				ALWAYS_EMBED_SWIFT_STANDARD_LIBRARIES = YES;
				BUNDLE_LOADER = "$(TEST_HOST)";
				CODE_SIGN_STYLE = Automatic;
				CURRENT_PROJECT_VERSION = 1;
				GENERATE_INFOPLIST_FILE = YES;
				IPHONEOS_DEPLOYMENT_TARGET = 17.4;
				MARKETING_VERSION = 1.0;
				PRODUCT_BUNDLE_IDENTIFIER = com.FirstCompany.TeamEffort2Tests;
				PRODUCT_NAME = "$(TARGET_NAME)";
				SWIFT_EMIT_LOC_STRINGS = NO;
				SWIFT_VERSION = 5.0;
				TARGETED_DEVICE_FAMILY = "1,2";
				TEST_HOST = "$(BUILT_PRODUCTS_DIR)/TeamEffort2.app/$(BUNDLE_EXECUTABLE_FOLDER_PATH)/TeamEffort2";
			};
			name = Release;
		};
		6205D5EC2BC6D9F200DCC95F /* Debug */ = {
			isa = XCBuildConfiguration;
			buildSettings = {
				ALWAYS_EMBED_SWIFT_STANDARD_LIBRARIES = YES;
				CODE_SIGN_STYLE = Automatic;
				CURRENT_PROJECT_VERSION = 1;
				GENERATE_INFOPLIST_FILE = YES;
				MARKETING_VERSION = 1.0;
				PRODUCT_BUNDLE_IDENTIFIER = com.FirstCompany.TeamEffort2UITests;
				PRODUCT_NAME = "$(TARGET_NAME)";
				SWIFT_EMIT_LOC_STRINGS = NO;
				SWIFT_VERSION = 5.0;
				TARGETED_DEVICE_FAMILY = "1,2";
				TEST_TARGET_NAME = TeamEffort2;
			};
			name = Debug;
		};
		6205D5ED2BC6D9F200DCC95F /* Release */ = {
			isa = XCBuildConfiguration;
			buildSettings = {
				ALWAYS_EMBED_SWIFT_STANDARD_LIBRARIES = YES;
				CODE_SIGN_STYLE = Automatic;
				CURRENT_PROJECT_VERSION = 1;
				GENERATE_INFOPLIST_FILE = YES;
				MARKETING_VERSION = 1.0;
				PRODUCT_BUNDLE_IDENTIFIER = com.FirstCompany.TeamEffort2UITests;
				PRODUCT_NAME = "$(TARGET_NAME)";
				SWIFT_EMIT_LOC_STRINGS = NO;
				SWIFT_VERSION = 5.0;
				TARGETED_DEVICE_FAMILY = "1,2";
				TEST_TARGET_NAME = TeamEffort2;
			};
			name = Release;
		};
/* End XCBuildConfiguration section */

/* Begin XCConfigurationList section */
		6205D5BC2BC6D9F000DCC95F /* Build configuration list for PBXProject "TeamEffort2" */ = {
			isa = XCConfigurationList;
			buildConfigurations = (
				6205D5E32BC6D9F200DCC95F /* Debug */,
				6205D5E42BC6D9F200DCC95F /* Release */,
			);
			defaultConfigurationIsVisible = 0;
			defaultConfigurationName = Release;
		};
		6205D5E52BC6D9F200DCC95F /* Build configuration list for PBXNativeTarget "TeamEffort2" */ = {
			isa = XCConfigurationList;
			buildConfigurations = (
				6205D5E62BC6D9F200DCC95F /* Debug */,
				6205D5E72BC6D9F200DCC95F /* Release */,
			);
			defaultConfigurationIsVisible = 0;
			defaultConfigurationName = Release;
		};
		6205D5E82BC6D9F200DCC95F /* Build configuration list for PBXNativeTarget "TeamEffort2Tests" */ = {
			isa = XCConfigurationList;
			buildConfigurations = (
				6205D5E92BC6D9F200DCC95F /* Debug */,
				6205D5EA2BC6D9F200DCC95F /* Release */,
			);
			defaultConfigurationIsVisible = 0;
			defaultConfigurationName = Release;
		};
		6205D5EB2BC6D9F200DCC95F /* Build configuration list for PBXNativeTarget "TeamEffort2UITests" */ = {
			isa = XCConfigurationList;
			buildConfigurations = (
				6205D5EC2BC6D9F200DCC95F /* Debug */,
				6205D5ED2BC6D9F200DCC95F /* Release */,
			);
			defaultConfigurationIsVisible = 0;
			defaultConfigurationName = Release;
		};
/* End XCConfigurationList section */
	};
	rootObject = 6205D5B92BC6D9F000DCC95F /* Project object */;
}
